
Microsoft Visual Studio Solution File, Format Version 12.00
# Visual Studio Version 16
VisualStudioVersion = 16.0.33130.400
MinimumVisualStudioVersion = 10.0.40219.1
Project("{FAE04EC0-301F-11D3-BF4B-00C04F79EFBC}") = "TelefonskiImenik", "TelefonskiImenik.csproj", "{74FDD3D1-F7CD-4A11-884F-36F9B4CDA27E}"
EndProject
Global
	GlobalSection(SolutionConfigurationPlatforms) = preSolution
		Debug|Any CPU = Debug|Any CPU
		Release|Any CPU = Release|Any CPU
	EndGlobalSection
	GlobalSection(ProjectConfigurationPlatforms) = postSolution
		{74FDD3D1-F7CD-4A11-884F-36F9B4CDA27E}.Debug|Any CPU.ActiveCfg = Debug|Any CPU
		{74FDD3D1-F7CD-4A11-884F-36F9B4CDA27E}.Debug|Any CPU.Build.0 = Debug|Any CPU
		{74FDD3D1-F7CD-4A11-884F-36F9B4CDA27E}.Release|Any CPU.ActiveCfg = Release|Any CPU
		{74FDD3D1-F7CD-4A11-884F-36F9B4CDA27E}.Release|Any CPU.Build.0 = Release|Any CPU
	EndGlobalSection
	GlobalSection(SolutionProperties) = preSolution
		HideSolutionNode = FALSE
	EndGlobalSection
	GlobalSection(ExtensibilityGlobals) = postSolution
		SolutionGuid = {A2F3BF42-C595-467A-938A-F10DFB68EFD7}
	EndGlobalSection
EndGlobal
